// !$*UTF8*$!
{
	archiveVersion = 1;
	classes = {
	};
	objectVersion = 55;
	objects = {

/* Begin PBXBuildFile section */
		5427FD76288B460300FB4650 /* Rocket.swift in Sources */ = {isa = PBXBuildFile; fileRef = 5427FD75288B460300FB4650 /* Rocket.swift */; };
		5430A49028972111009C0E0C /* Links.swift in Sources */ = {isa = PBXBuildFile; fileRef = 5430A48F28972111009C0E0C /* Links.swift */; };
		54C650F22885E892009BBB0A /* AppDelegate.swift in Sources */ = {isa = PBXBuildFile; fileRef = 54C650F12885E892009BBB0A /* AppDelegate.swift */; };
		54C650F42885E892009BBB0A /* SceneDelegate.swift in Sources */ = {isa = PBXBuildFile; fileRef = 54C650F32885E892009BBB0A /* SceneDelegate.swift */; };
		54C650F92885E892009BBB0A /* Main.storyboard in Resources */ = {isa = PBXBuildFile; fileRef = 54C650F72885E892009BBB0A /* Main.storyboard */; };
		54C650FB2885E893009BBB0A /* Assets.xcassets in Resources */ = {isa = PBXBuildFile; fileRef = 54C650FA2885E893009BBB0A /* Assets.xcassets */; };
		54C650FE2885E893009BBB0A /* LaunchScreen.storyboard in Resources */ = {isa = PBXBuildFile; fileRef = 54C650FC2885E893009BBB0A /* LaunchScreen.storyboard */; };
		54C651122885F363009BBB0A /* MainViewController.swift in Sources */ = {isa = PBXBuildFile; fileRef = 54C651112885F363009BBB0A /* MainViewController.swift */; };
		54C8DEEB288C741E00835E57 /* NetworkManager.swift in Sources */ = {isa = PBXBuildFile; fileRef = 54C8DEEA288C741E00835E57 /* NetworkManager.swift */; };
/* End PBXBuildFile section */

/* Begin PBXFileReference section */
		5427FD75288B460300FB4650 /* Rocket.swift */ = {isa = PBXFileReference; lastKnownFileType = sourcecode.swift; path = Rocket.swift; sourceTree = "<group>"; };
		5430A48F28972111009C0E0C /* Links.swift */ = {isa = PBXFileReference; lastKnownFileType = sourcecode.swift; path = Links.swift; sourceTree = "<group>"; };
		54C650EE2885E891009BBB0A /* SpaceX.app */ = {isa = PBXFileReference; explicitFileType = wrapper.application; includeInIndex = 0; path = SpaceX.app; sourceTree = BUILT_PRODUCTS_DIR; };
		54C650F12885E892009BBB0A /* AppDelegate.swift */ = {isa = PBXFileReference; lastKnownFileType = sourcecode.swift; path = AppDelegate.swift; sourceTree = "<group>"; };
		54C650F32885E892009BBB0A /* SceneDelegate.swift */ = {isa = PBXFileReference; lastKnownFileType = sourcecode.swift; path = SceneDelegate.swift; sourceTree = "<group>"; };
		54C650F82885E892009BBB0A /* Base */ = {isa = PBXFileReference; lastKnownFileType = file.storyboard; name = Base; path = Base.lproj/Main.storyboard; sourceTree = "<group>"; };
		54C650FA2885E893009BBB0A /* Assets.xcassets */ = {isa = PBXFileReference; lastKnownFileType = folder.assetcatalog; path = Assets.xcassets; sourceTree = "<group>"; };
		54C650FD2885E893009BBB0A /* Base */ = {isa = PBXFileReference; lastKnownFileType = file.storyboard; name = Base; path = Base.lproj/LaunchScreen.storyboard; sourceTree = "<group>"; };
		54C650FF2885E893009BBB0A /* Info.plist */ = {isa = PBXFileReference; lastKnownFileType = text.plist.xml; path = Info.plist; sourceTree = "<group>"; };
		54C651112885F363009BBB0A /* MainViewController.swift */ = {isa = PBXFileReference; lastKnownFileType = sourcecode.swift; path = MainViewController.swift; sourceTree = "<group>"; };
		54C8DEEA288C741E00835E57 /* NetworkManager.swift */ = {isa = PBXFileReference; lastKnownFileType = sourcecode.swift; path = NetworkManager.swift; sourceTree = "<group>"; };
/* End PBXFileReference section */

/* Begin PBXFrameworksBuildPhase section */
		54C650EB2885E891009BBB0A /* Frameworks */ = {
			isa = PBXFrameworksBuildPhase;
			buildActionMask = 2147483647;
			files = (
			);
			runOnlyForDeploymentPostprocessing = 0;
		};
/* End PBXFrameworksBuildPhase section */

/* Begin PBXGroup section */
		5430A48E289720F9009C0E0C /* Helpers */ = {
			isa = PBXGroup;
			children = (
				5430A48F28972111009C0E0C /* Links.swift */,
			);
			path = Helpers;
			sourceTree = "<group>";
		};
		54B0CEE2288899F500322202 /* Services */ = {
			isa = PBXGroup;
			children = (
				54C8DEEA288C741E00835E57 /* NetworkManager.swift */,
			);
			path = Services;
			sourceTree = "<group>";
		};
		54C650E52885E891009BBB0A = {
			isa = PBXGroup;
			children = (
				54C650F02885E891009BBB0A /* SpaceX */,
				54C650EF2885E891009BBB0A /* Products */,
			);
			sourceTree = "<group>";
		};
		54C650EF2885E891009BBB0A /* Products */ = {
			isa = PBXGroup;
			children = (
				54C650EE2885E891009BBB0A /* SpaceX.app */,
			);
			name = Products;
			sourceTree = "<group>";
		};
		54C650F02885E891009BBB0A /* SpaceX */ = {
			isa = PBXGroup;
			children = (
				54B0CEE2288899F500322202 /* Services */,
				54C651082885E8C0009BBB0A /* ViewControllers */,
				54C651092885E90D009BBB0A /* Model */,
				54C651052885E8A0009BBB0A /* Storyboards */,
				54C651072885E8B6009BBB0A /* App */,
				5430A48E289720F9009C0E0C /* Helpers */,
				54C651062885E8AA009BBB0A /* Resources */,
			);
			path = SpaceX;
			sourceTree = "<group>";
		};
		54C651052885E8A0009BBB0A /* Storyboards */ = {
			isa = PBXGroup;
			children = (
				54C650F72885E892009BBB0A /* Main.storyboard */,
				54C650FC2885E893009BBB0A /* LaunchScreen.storyboard */,
			);
			path = Storyboards;
			sourceTree = "<group>";
		};
		54C651062885E8AA009BBB0A /* Resources */ = {
			isa = PBXGroup;
			children = (
				54C650FA2885E893009BBB0A /* Assets.xcassets */,
			);
			path = Resources;
			sourceTree = "<group>";
		};
		54C651072885E8B6009BBB0A /* App */ = {
			isa = PBXGroup;
			children = (
				54C650F12885E892009BBB0A /* AppDelegate.swift */,
				54C650F32885E892009BBB0A /* SceneDelegate.swift */,
				54C650FF2885E893009BBB0A /* Info.plist */,
			);
			path = App;
			sourceTree = "<group>";
		};
		54C651082885E8C0009BBB0A /* ViewControllers */ = {
			isa = PBXGroup;
			children = (
				54C651112885F363009BBB0A /* MainViewController.swift */,
			);
			path = ViewControllers;
			sourceTree = "<group>";
		};
		54C651092885E90D009BBB0A /* Model */ = {
			isa = PBXGroup;
			children = (
				5427FD75288B460300FB4650 /* Rocket.swift */,
			);
			path = Model;
			sourceTree = "<group>";
		};
/* End PBXGroup section */

/* Begin PBXNativeTarget section */
		54C650ED2885E891009BBB0A /* SpaceX */ = {
			isa = PBXNativeTarget;
			buildConfigurationList = 54C651022885E893009BBB0A /* Build configuration list for PBXNativeTarget "SpaceX" */;
			buildPhases = (
				54C650EA2885E891009BBB0A /* Sources */,
				54C650EB2885E891009BBB0A /* Frameworks */,
				54C650EC2885E891009BBB0A /* Resources */,
			);
			buildRules = (
			);
			dependencies = (
			);
			name = SpaceX;
			productName = SpaceX;
			productReference = 54C650EE2885E891009BBB0A /* SpaceX.app */;
			productType = "com.apple.product-type.application";
		};
/* End PBXNativeTarget section */

/* Begin PBXProject section */
		54C650E62885E891009BBB0A /* Project object */ = {
			isa = PBXProject;
			attributes = {
				BuildIndependentTargetsInParallel = 1;
				LastSwiftUpdateCheck = 1340;
				LastUpgradeCheck = 1340;
				TargetAttributes = {
					54C650ED2885E891009BBB0A = {
						CreatedOnToolsVersion = 13.4.1;
					};
				};
			};
			buildConfigurationList = 54C650E92885E891009BBB0A /* Build configuration list for PBXProject "SpaceX" */;
			compatibilityVersion = "Xcode 13.0";
			developmentRegion = en;
			hasScannedForEncodings = 0;
			knownRegions = (
				en,
				Base,
			);
			mainGroup = 54C650E52885E891009BBB0A;
			productRefGroup = 54C650EF2885E891009BBB0A /* Products */;
			projectDirPath = "";
			projectRoot = "";
			targets = (
				54C650ED2885E891009BBB0A /* SpaceX */,
			);
		};
/* End PBXProject section */

/* Begin PBXResourcesBuildPhase section */
		54C650EC2885E891009BBB0A /* Resources */ = {
			isa = PBXResourcesBuildPhase;
			buildActionMask = 2147483647;
			files = (
				54C650FE2885E893009BBB0A /* LaunchScreen.storyboard in Resources */,
				54C650FB2885E893009BBB0A /* Assets.xcassets in Resources */,
				54C650F92885E892009BBB0A /* Main.storyboard in Resources */,
			);
			runOnlyForDeploymentPostprocessing = 0;
		};
/* End PBXResourcesBuildPhase section */

/* Begin PBXSourcesBuildPhase section */
		54C650EA2885E891009BBB0A /* Sources */ = {
			isa = PBXSourcesBuildPhase;
			buildActionMask = 2147483647;
			files = (
				54C651122885F363009BBB0A /* MainViewController.swift in Sources */,
				5430A49028972111009C0E0C /* Links.swift in Sources */,
				54C650F22885E892009BBB0A /* AppDelegate.swift in Sources */,
				54C8DEEB288C741E00835E57 /* NetworkManager.swift in Sources */,
				54C650F42885E892009BBB0A /* SceneDelegate.swift in Sources */,
				5427FD76288B460300FB4650 /* Rocket.swift in Sources */,
			);
			runOnlyForDeploymentPostprocessing = 0;
		};
/* End PBXSourcesBuildPhase section */

/* Begin PBXVariantGroup section */
		54C650F72885E892009BBB0A /* Main.storyboard */ = {
			isa = PBXVariantGroup;
			children = (
				54C650F82885E892009BBB0A /* Base */,
			);
			name = Main.storyboard;
			sourceTree = "<group>";
		};
		54C650FC2885E893009BBB0A /* LaunchScreen.storyboard */ = {
			isa = PBXVariantGroup;
			children = (
				54C650FD2885E893009BBB0A /* Base */,
			);
			name = LaunchScreen.storyboard;
			sourceTree = "<group>";
		};
/* End PBXVariantGroup section */

/* Begin XCBuildConfiguration section */
		54C651002885E893009BBB0A /* Debug */ = {
			isa = XCBuildConfiguration;
			buildSettings = {
				ALWAYS_SEARCH_USER_PATHS = NO;
				CLANG_ANALYZER_NONNULL = YES;
				CLANG_ANALYZER_NUMBER_OBJECT_CONVERSION = YES_AGGRESSIVE;
				CLANG_CXX_LANGUAGE_STANDARD = "gnu++17";
				CLANG_ENABLE_MODULES = YES;
				CLANG_ENABLE_OBJC_ARC = YES;
				CLANG_ENABLE_OBJC_WEAK = YES;
				CLANG_WARN_BLOCK_CAPTURE_AUTORELEASING = YES;
				CLANG_WARN_BOOL_CONVERSION = YES;
				CLANG_WARN_COMMA = YES;
				CLANG_WARN_CONSTANT_CONVERSION = YES;
				CLANG_WARN_DEPRECATED_OBJC_IMPLEMENTATIONS = YES;
				CLANG_WARN_DIRECT_OBJC_ISA_USAGE = YES_ERROR;
				CLANG_WARN_DOCUMENTATION_COMMENTS = YES;
				CLANG_WARN_EMPTY_BODY = YES;
				CLANG_WARN_ENUM_CONVERSION = YES;
				CLANG_WARN_INFINITE_RECURSION = YES;
				CLANG_WARN_INT_CONVERSION = YES;
				CLANG_WARN_NON_LITERAL_NULL_CONVERSION = YES;
				CLANG_WARN_OBJC_IMPLICIT_RETAIN_SELF = YES;
				CLANG_WARN_OBJC_LITERAL_CONVERSION = YES;
				CLANG_WARN_OBJC_ROOT_CLASS = YES_ERROR;
				CLANG_WARN_QUOTED_INCLUDE_IN_FRAMEWORK_HEADER = YES;
				CLANG_WARN_RANGE_LOOP_ANALYSIS = YES;
				CLANG_WARN_STRICT_PROTOTYPES = YES;
				CLANG_WARN_SUSPICIOUS_MOVE = YES;
				CLANG_WARN_UNGUARDED_AVAILABILITY = YES_AGGRESSIVE;
				CLANG_WARN_UNREACHABLE_CODE = YES;
				CLANG_WARN__DUPLICATE_METHOD_MATCH = YES;
				COPY_PHASE_STRIP = NO;
				DEBUG_INFORMATION_FORMAT = dwarf;
				ENABLE_STRICT_OBJC_MSGSEND = YES;
				ENABLE_TESTABILITY = YES;
				GCC_C_LANGUAGE_STANDARD = gnu11;
				GCC_DYNAMIC_NO_PIC = NO;
				GCC_NO_COMMON_BLOCKS = YES;
				GCC_OPTIMIZATION_LEVEL = 0;
				GCC_PREPROCESSOR_DEFINITIONS = (
					"DEBUG=1",
					"$(inherited)",
				);
				GCC_WARN_64_TO_32_BIT_CONVERSION = YES;
				GCC_WARN_ABOUT_RETURN_TYPE = YES_ERROR;
				GCC_WARN_UNDECLARED_SELECTOR = YES;
				GCC_WARN_UNINITIALIZED_AUTOS = YES_AGGRESSIVE;
				GCC_WARN_UNUSED_FUNCTION = YES;
				GCC_WARN_UNUSED_VARIABLE = YES;
				IPHONEOS_DEPLOYMENT_TARGET = 15.5;
				MTL_ENABLE_DEBUG_INFO = INCLUDE_SOURCE;
				MTL_FAST_MATH = YES;
				ONLY_ACTIVE_ARCH = YES;
				SDKROOT = iphoneos;
				SWIFT_ACTIVE_COMPILATION_CONDITIONS = DEBUG;
				SWIFT_OPTIMIZATION_LEVEL = "-Onone";
			};
			name = Debug;
		};
		54C651012885E893009BBB0A /* Release */ = {
			isa = XCBuildConfiguration;
			buildSettings = {
				ALWAYS_SEARCH_USER_PATHS = NO;
				CLANG_ANALYZER_NONNULL = YES;
				CLANG_ANALYZER_NUMBER_OBJECT_CONVERSION = YES_AGGRESSIVE;
				CLANG_CXX_LANGUAGE_STANDARD = "gnu++17";
				CLANG_ENABLE_MODULES = YES;
				CLANG_ENABLE_OBJC_ARC = YES;
				CLANG_ENABLE_OBJC_WEAK = YES;
				CLANG_WARN_BLOCK_CAPTURE_AUTORELEASING = YES;
				CLANG_WARN_BOOL_CONVERSION = YES;
				CLANG_WARN_COMMA = YES;
				CLANG_WARN_CONSTANT_CONVERSION = YES;
				CLANG_WARN_DEPRECATED_OBJC_IMPLEMENTATIONS = YES;
				CLANG_WARN_DIRECT_OBJC_ISA_USAGE = YES_ERROR;
				CLANG_WARN_DOCUMENTATION_COMMENTS = YES;
				CLANG_WARN_EMPTY_BODY = YES;
				CLANG_WARN_ENUM_CONVERSION = YES;
				CLANG_WARN_INFINITE_RECURSION = YES;
				CLANG_WARN_INT_CONVERSION = YES;
				CLANG_WARN_NON_LITERAL_NULL_CONVERSION = YES;
				CLANG_WARN_OBJC_IMPLICIT_RETAIN_SELF = YES;
				CLANG_WARN_OBJC_LITERAL_CONVERSION = YES;
				CLANG_WARN_OBJC_ROOT_CLASS = YES_ERROR;
				CLANG_WARN_QUOTED_INCLUDE_IN_FRAMEWORK_HEADER = YES;
				CLANG_WARN_RANGE_LOOP_ANALYSIS = YES;
				CLANG_WARN_STRICT_PROTOTYPES = YES;
				CLANG_WARN_SUSPICIOUS_MOVE = YES;
				CLANG_WARN_UNGUARDED_AVAILABILITY = YES_AGGRESSIVE;
				CLANG_WARN_UNREACHABLE_CODE = YES;
				CLANG_WARN__DUPLICATE_METHOD_MATCH = YES;
				COPY_PHASE_STRIP = NO;
				DEBUG_INFORMATION_FORMAT = "dwarf-with-dsym";
				ENABLE_NS_ASSERTIONS = NO;
				ENABLE_STRICT_OBJC_MSGSEND = YES;
				GCC_C_LANGUAGE_STANDARD = gnu11;
				GCC_NO_COMMON_BLOCKS = YES;
				GCC_WARN_64_TO_32_BIT_CONVERSION = YES;
				GCC_WARN_ABOUT_RETURN_TYPE = YES_ERROR;
				GCC_WARN_UNDECLARED_SELECTOR = YES;
				GCC_WARN_UNINITIALIZED_AUTOS = YES_AGGRESSIVE;
				GCC_WARN_UNUSED_FUNCTION = YES;
				GCC_WARN_UNUSED_VARIABLE = YES;
				IPHONEOS_DEPLOYMENT_TARGET = 15.5;
				MTL_ENABLE_DEBUG_INFO = NO;
				MTL_FAST_MATH = YES;
				SDKROOT = iphoneos;
				SWIFT_COMPILATION_MODE = wholemodule;
				SWIFT_OPTIMIZATION_LEVEL = "-O";
				VALIDATE_PRODUCT = YES;
			};
			name = Release;
		};
		54C651032885E893009BBB0A /* Debug */ = {
			isa = XCBuildConfiguration;
			buildSettings = {
				ASSETCATALOG_COMPILER_APPICON_NAME = AppIcon;
				ASSETCATALOG_COMPILER_GLOBAL_ACCENT_COLOR_NAME = AccentColor;
				CODE_SIGN_STYLE = Automatic;
				CURRENT_PROJECT_VERSION = 1;
				DEVELOPMENT_TEAM = 7JK7WBFZQ5;
				GENERATE_INFOPLIST_FILE = YES;
				INFOPLIST_FILE = SpaceX/App/Info.plist;
				INFOPLIST_KEY_UIApplicationSupportsIndirectInputEvents = YES;
				INFOPLIST_KEY_UILaunchStoryboardName = LaunchScreen;
				INFOPLIST_KEY_UIMainStoryboardFile = Main;
				INFOPLIST_KEY_UISupportedInterfaceOrientations_iPad = "UIInterfaceOrientationPortrait UIInterfaceOrientationPortraitUpsideDown";
				INFOPLIST_KEY_UISupportedInterfaceOrientations_iPhone = UIInterfaceOrientationPortrait;
				LD_RUNPATH_SEARCH_PATHS = (
					"$(inherited)",
					"@executable_path/Frameworks",
				);
				MARKETING_VERSION = 1.0;
				PRODUCT_BUNDLE_IDENTIFIER = S.D.SpaceX;
				PRODUCT_NAME = "$(TARGET_NAME)";
				SWIFT_EMIT_LOC_STRINGS = YES;
				SWIFT_VERSION = 5.0;
				TARGETED_DEVICE_FAMILY = "1,2";
			};
			name = Debug;
		};
		54C651042885E893009BBB0A /* Release */ = {
			isa = XCBuildConfiguration;
			buildSettings = {
				ASSETCATALOG_COMPILER_APPICON_NAME = AppIcon;
				ASSETCATALOG_COMPILER_GLOBAL_ACCENT_COLOR_NAME = AccentColor;
				CODE_SIGN_STYLE = Automatic;
				CURRENT_PROJECT_VERSION = 1;
				DEVELOPMENT_TEAM = 7JK7WBFZQ5;
				GENERATE_INFOPLIST_FILE = YES;
				INFOPLIST_FILE = SpaceX/App/Info.plist;
				INFOPLIST_KEY_UIApplicationSupportsIndirectInputEvents = YES;
				INFOPLIST_KEY_UILaunchStoryboardName = LaunchScreen;
				INFOPLIST_KEY_UIMainStoryboardFile = Main;
				INFOPLIST_KEY_UISupportedInterfaceOrientations_iPad = "UIInterfaceOrientationPortrait UIInterfaceOrientationPortraitUpsideDown";
				INFOPLIST_KEY_UISupportedInterfaceOrientations_iPhone = UIInterfaceOrientationPortrait;
				LD_RUNPATH_SEARCH_PATHS = (
					"$(inherited)",
					"@executable_path/Frameworks",
				);
				MARKETING_VERSION = 1.0;
				PRODUCT_BUNDLE_IDENTIFIER = S.D.SpaceX;
				PRODUCT_NAME = "$(TARGET_NAME)";
				SWIFT_EMIT_LOC_STRINGS = YES;
				SWIFT_VERSION = 5.0;
				TARGETED_DEVICE_FAMILY = "1,2";
			};
			name = Release;
		};
/* End XCBuildConfiguration section */

/* Begin XCConfigurationList section */
		54C650E92885E891009BBB0A /* Build configuration list for PBXProject "SpaceX" */ = {
			isa = XCConfigurationList;
			buildConfigurations = (
				54C651002885E893009BBB0A /* Debug */,
				54C651012885E893009BBB0A /* Release */,
			);
			defaultConfigurationIsVisible = 0;
			defaultConfigurationName = Release;
		};
		54C651022885E893009BBB0A /* Build configuration list for PBXNativeTarget "SpaceX" */ = {
			isa = XCConfigurationList;
			buildConfigurations = (
				54C651032885E893009BBB0A /* Debug */,
				54C651042885E893009BBB0A /* Release */,
			);
			defaultConfigurationIsVisible = 0;
			defaultConfigurationName = Release;
		};
/* End XCConfigurationList section */
	};
	rootObject = 54C650E62885E891009BBB0A /* Project object */;
}
